
Microsoft Visual Studio Solution File, Format Version 12.00
# Visual Studio Version 16
VisualStudioVersion = 16.0.31729.503
MinimumVisualStudioVersion = 10.0.40219.1
Project("{9A19103F-16F7-4668-BE54-9A1E7A4F7556}") = "PsychologicalAssistance.Web", "PsychologicalAssistance\PsychologicalAssistance.Web.csproj", "{7B1ECEEB-A512-4B8E-83B4-817909E283C9}"
EndProject
Project("{9A19103F-16F7-4668-BE54-9A1E7A4F7556}") = "PsychologicalAssistance.Core", "PsychologicalAssistance.Core\PsychologicalAssistance.Core.csproj", "{7AA6426D-ADA2-48AB-B6E5-5475B634E5E1}"
EndProject
Project("{9A19103F-16F7-4668-BE54-9A1E7A4F7556}") = "PsychologicalAssistance.Services", "PsychologicalAssistance.Services\PsychologicalAssistance.Services.csproj", "{2A96F868-1A82-4A4B-9374-9B2BF77408AE}"
EndProject
Project("{FAE04EC0-301F-11D3-BF4B-00C04F79EFBC}") = "PsychologicalAssistance.Tests", "PsychologicalAssistance.Tests\PsychologicalAssistance.Tests.csproj", "{735BFFE4-6CB0-4D26-9065-537993F09D4B}"
EndProject
Global
	GlobalSection(SolutionConfigurationPlatforms) = preSolution
		Debug|Any CPU = Debug|Any CPU
		Release|Any CPU = Release|Any CPU
	EndGlobalSection
	GlobalSection(ProjectConfigurationPlatforms) = postSolution
		{7B1ECEEB-A512-4B8E-83B4-817909E283C9}.Debug|Any CPU.ActiveCfg = Debug|Any CPU
		{7B1ECEEB-A512-4B8E-83B4-817909E283C9}.Debug|Any CPU.Build.0 = Debug|Any CPU
		{7B1ECEEB-A512-4B8E-83B4-817909E283C9}.Release|Any CPU.ActiveCfg = Release|Any CPU
		{7B1ECEEB-A512-4B8E-83B4-817909E283C9}.Release|Any CPU.Build.0 = Release|Any CPU
		{7AA6426D-ADA2-48AB-B6E5-5475B634E5E1}.Debug|Any CPU.ActiveCfg = Debug|Any CPU
		{7AA6426D-ADA2-48AB-B6E5-5475B634E5E1}.Debug|Any CPU.Build.0 = Debug|Any CPU
		{7AA6426D-ADA2-48AB-B6E5-5475B634E5E1}.Release|Any CPU.ActiveCfg = Release|Any CPU
		{7AA6426D-ADA2-48AB-B6E5-5475B634E5E1}.Release|Any CPU.Build.0 = Release|Any CPU
		{2A96F868-1A82-4A4B-9374-9B2BF77408AE}.Debug|Any CPU.ActiveCfg = Debug|Any CPU
		{2A96F868-1A82-4A4B-9374-9B2BF77408AE}.Debug|Any CPU.Build.0 = Debug|Any CPU
		{2A96F868-1A82-4A4B-9374-9B2BF77408AE}.Release|Any CPU.ActiveCfg = Release|Any CPU
		{2A96F868-1A82-4A4B-9374-9B2BF77408AE}.Release|Any CPU.Build.0 = Release|Any CPU
		{735BFFE4-6CB0-4D26-9065-537993F09D4B}.Debug|Any CPU.ActiveCfg = Debug|Any CPU
		{735BFFE4-6CB0-4D26-9065-537993F09D4B}.Debug|Any CPU.Build.0 = Debug|Any CPU
		{735BFFE4-6CB0-4D26-9065-537993F09D4B}.Release|Any CPU.ActiveCfg = Release|Any CPU
		{735BFFE4-6CB0-4D26-9065-537993F09D4B}.Release|Any CPU.Build.0 = Release|Any CPU
	EndGlobalSection
	GlobalSection(SolutionProperties) = preSolution
		HideSolutionNode = FALSE
	EndGlobalSection
	GlobalSection(ExtensibilityGlobals) = postSolution
		SolutionGuid = {ADCC7860-D42C-48C1-95BA-E9B616CC04F0}
	EndGlobalSection
EndGlobal
